// !$*UTF8*$!
{
	archiveVersion = 1;
	classes = {
	};
	objectVersion = 55;
	objects = {

/* Begin PBXBuildFile section */
		8024FE45293640B8005AA158 /* InfoView.swift in Sources */ = {isa = PBXBuildFile; fileRef = 8024FE44293640B8005AA158 /* InfoView.swift */; };
		806DD37A28339AC0000E71E3 /* HoneymoonSwiftUIApp.swift in Sources */ = {isa = PBXBuildFile; fileRef = 806DD37928339AC0000E71E3 /* HoneymoonSwiftUIApp.swift */; };
		806DD37C28339AC0000E71E3 /* ContentView.swift in Sources */ = {isa = PBXBuildFile; fileRef = 806DD37B28339AC0000E71E3 /* ContentView.swift */; };
		806DD37E28339AC7000E71E3 /* Assets.xcassets in Resources */ = {isa = PBXBuildFile; fileRef = 806DD37D28339AC7000E71E3 /* Assets.xcassets */; };
		806DD38128339AC7000E71E3 /* Preview Assets.xcassets in Resources */ = {isa = PBXBuildFile; fileRef = 806DD38028339AC7000E71E3 /* Preview Assets.xcassets */; };
		806DD38828339FC5000E71E3 /* Sounds in Resources */ = {isa = PBXBuildFile; fileRef = 806DD38728339FC5000E71E3 /* Sounds */; };
		806DD38A2833A909000E71E3 /* Launch Screen.storyboard in Resources */ = {isa = PBXBuildFile; fileRef = 806DD3892833A909000E71E3 /* Launch Screen.storyboard */; };
		806F2BDB292E024500AB5733 /* HoneymoonModel.swift in Sources */ = {isa = PBXBuildFile; fileRef = 806F2BDA292E024500AB5733 /* HoneymoonModel.swift */; };
		806F2BDE292E02BB00AB5733 /* HoneymoonData.swift in Sources */ = {isa = PBXBuildFile; fileRef = 806F2BDD292E02BB00AB5733 /* HoneymoonData.swift */; };
		806FA2C42966E624000709E1 /* TitleModifier.swift in Sources */ = {isa = PBXBuildFile; fileRef = 806FA2C32966E624000709E1 /* TitleModifier.swift */; };
		806FA2C72966E9E2000709E1 /* ButtonModifier.swift in Sources */ = {isa = PBXBuildFile; fileRef = 806FA2C62966E9E2000709E1 /* ButtonModifier.swift */; };
		80D44BD6292E31B200B11D47 /* HeaderComponent.swift in Sources */ = {isa = PBXBuildFile; fileRef = 80D44BD5292E31B200B11D47 /* HeaderComponent.swift */; };
		80D44BD8292E327A00B11D47 /* GuideComponent.swift in Sources */ = {isa = PBXBuildFile; fileRef = 80D44BD7292E327A00B11D47 /* GuideComponent.swift */; };
		80E452C9292E121000CA4CA7 /* CardView.swift in Sources */ = {isa = PBXBuildFile; fileRef = 80E452C8292E121000CA4CA7 /* CardView.swift */; };
		80E452CB292E216E00CA4CA7 /* HeaderView.swift in Sources */ = {isa = PBXBuildFile; fileRef = 80E452CA292E216E00CA4CA7 /* HeaderView.swift */; };
		80E452CD292E24D500CA4CA7 /* FooterView.swift in Sources */ = {isa = PBXBuildFile; fileRef = 80E452CC292E24D500CA4CA7 /* FooterView.swift */; };
		80F22E82292E53D3004BB3F5 /* GuideView.swift in Sources */ = {isa = PBXBuildFile; fileRef = 80F22E81292E53D3004BB3F5 /* GuideView.swift */; };
/* End PBXBuildFile section */

/* Begin PBXFileReference section */
		8024FE44293640B8005AA158 /* InfoView.swift */ = {isa = PBXFileReference; lastKnownFileType = sourcecode.swift; path = InfoView.swift; sourceTree = "<group>"; };
		803A74A32A24BFD200630E3A /* Info.plist */ = {isa = PBXFileReference; lastKnownFileType = text.plist; path = Info.plist; sourceTree = "<group>"; };
		806DD37628339AC0000E71E3 /* HoneymoonSwiftUI.app */ = {isa = PBXFileReference; explicitFileType = wrapper.application; includeInIndex = 0; path = HoneymoonSwiftUI.app; sourceTree = BUILT_PRODUCTS_DIR; };
		806DD37928339AC0000E71E3 /* HoneymoonSwiftUIApp.swift */ = {isa = PBXFileReference; lastKnownFileType = sourcecode.swift; path = HoneymoonSwiftUIApp.swift; sourceTree = "<group>"; };
		806DD37B28339AC0000E71E3 /* ContentView.swift */ = {isa = PBXFileReference; lastKnownFileType = sourcecode.swift; path = ContentView.swift; sourceTree = "<group>"; };
		806DD37D28339AC7000E71E3 /* Assets.xcassets */ = {isa = PBXFileReference; lastKnownFileType = folder.assetcatalog; path = Assets.xcassets; sourceTree = "<group>"; };
		806DD38028339AC7000E71E3 /* Preview Assets.xcassets */ = {isa = PBXFileReference; lastKnownFileType = folder.assetcatalog; path = "Preview Assets.xcassets"; sourceTree = "<group>"; };
		806DD38728339FC5000E71E3 /* Sounds */ = {isa = PBXFileReference; lastKnownFileType = folder; path = Sounds; sourceTree = "<group>"; };
		806DD3892833A909000E71E3 /* Launch Screen.storyboard */ = {isa = PBXFileReference; lastKnownFileType = file.storyboard; path = "Launch Screen.storyboard"; sourceTree = "<group>"; };
		806F2BDA292E024500AB5733 /* HoneymoonModel.swift */ = {isa = PBXFileReference; lastKnownFileType = sourcecode.swift; path = HoneymoonModel.swift; sourceTree = "<group>"; };
		806F2BDD292E02BB00AB5733 /* HoneymoonData.swift */ = {isa = PBXFileReference; lastKnownFileType = sourcecode.swift; path = HoneymoonData.swift; sourceTree = "<group>"; };
		806FA2C32966E624000709E1 /* TitleModifier.swift */ = {isa = PBXFileReference; lastKnownFileType = sourcecode.swift; path = TitleModifier.swift; sourceTree = "<group>"; };
		806FA2C62966E9E2000709E1 /* ButtonModifier.swift */ = {isa = PBXFileReference; lastKnownFileType = sourcecode.swift; path = ButtonModifier.swift; sourceTree = "<group>"; };
		80D44BD5292E31B200B11D47 /* HeaderComponent.swift */ = {isa = PBXFileReference; lastKnownFileType = sourcecode.swift; path = HeaderComponent.swift; sourceTree = "<group>"; };
		80D44BD7292E327A00B11D47 /* GuideComponent.swift */ = {isa = PBXFileReference; lastKnownFileType = sourcecode.swift; path = GuideComponent.swift; sourceTree = "<group>"; };
		80E452C8292E121000CA4CA7 /* CardView.swift */ = {isa = PBXFileReference; lastKnownFileType = sourcecode.swift; path = CardView.swift; sourceTree = "<group>"; };
		80E452CA292E216E00CA4CA7 /* HeaderView.swift */ = {isa = PBXFileReference; lastKnownFileType = sourcecode.swift; path = HeaderView.swift; sourceTree = "<group>"; };
		80E452CC292E24D500CA4CA7 /* FooterView.swift */ = {isa = PBXFileReference; lastKnownFileType = sourcecode.swift; path = FooterView.swift; sourceTree = "<group>"; };
		80F22E81292E53D3004BB3F5 /* GuideView.swift */ = {isa = PBXFileReference; lastKnownFileType = sourcecode.swift; path = GuideView.swift; sourceTree = "<group>"; };
/* End PBXFileReference section */

/* Begin PBXFrameworksBuildPhase section */
		806DD37328339AC0000E71E3 /* Frameworks */ = {
			isa = PBXFrameworksBuildPhase;
			buildActionMask = 2147483647;
			files = (
			);
			runOnlyForDeploymentPostprocessing = 0;
		};
/* End PBXFrameworksBuildPhase section */

/* Begin PBXGroup section */
		806DD36D28339AC0000E71E3 = {
			isa = PBXGroup;
			children = (
				806DD37828339AC0000E71E3 /* HoneymoonSwiftUI */,
				806DD37728339AC0000E71E3 /* Products */,
			);
			sourceTree = "<group>";
		};
		806DD37728339AC0000E71E3 /* Products */ = {
			isa = PBXGroup;
			children = (
				806DD37628339AC0000E71E3 /* HoneymoonSwiftUI.app */,
			);
			name = Products;
			sourceTree = "<group>";
		};
		806DD37828339AC0000E71E3 /* HoneymoonSwiftUI */ = {
			isa = PBXGroup;
			children = (
				803A74A32A24BFD200630E3A /* Info.plist */,
				806FA2C52966E672000709E1 /* Modifier */,
				80E452C7292E0B5100CA4CA7 /* View */,
				80D44BD4292E319C00B11D47 /* Component */,
				806F2BDF292E02C000AB5733 /* Data */,
				806F2BDC292E025B00AB5733 /* Model */,
				806DD38728339FC5000E71E3 /* Sounds */,
				806DD37928339AC0000E71E3 /* HoneymoonSwiftUIApp.swift */,
				806DD37D28339AC7000E71E3 /* Assets.xcassets */,
				806DD37F28339AC7000E71E3 /* Preview Content */,
				806DD3892833A909000E71E3 /* Launch Screen.storyboard */,
			);
			path = HoneymoonSwiftUI;
			sourceTree = "<group>";
		};
		806DD37F28339AC7000E71E3 /* Preview Content */ = {
			isa = PBXGroup;
			children = (
				806DD38028339AC7000E71E3 /* Preview Assets.xcassets */,
			);
			path = "Preview Content";
			sourceTree = "<group>";
		};
		806F2BDC292E025B00AB5733 /* Model */ = {
			isa = PBXGroup;
			children = (
				806F2BDA292E024500AB5733 /* HoneymoonModel.swift */,
			);
			path = Model;
			sourceTree = "<group>";
		};
		806F2BDF292E02C000AB5733 /* Data */ = {
			isa = PBXGroup;
			children = (
				806F2BDD292E02BB00AB5733 /* HoneymoonData.swift */,
			);
			path = Data;
			sourceTree = "<group>";
		};
		806FA2C52966E672000709E1 /* Modifier */ = {
			isa = PBXGroup;
			children = (
				806FA2C32966E624000709E1 /* TitleModifier.swift */,
				806FA2C62966E9E2000709E1 /* ButtonModifier.swift */,
			);
			path = Modifier;
			sourceTree = "<group>";
		};
		80D44BD4292E319C00B11D47 /* Component */ = {
			isa = PBXGroup;
			children = (
				80D44BD5292E31B200B11D47 /* HeaderComponent.swift */,
				80D44BD7292E327A00B11D47 /* GuideComponent.swift */,
			);
			path = Component;
			sourceTree = "<group>";
		};
		80E452C7292E0B5100CA4CA7 /* View */ = {
			isa = PBXGroup;
			children = (
				806DD37B28339AC0000E71E3 /* ContentView.swift */,
				80E452C8292E121000CA4CA7 /* CardView.swift */,
				80E452CA292E216E00CA4CA7 /* HeaderView.swift */,
				80E452CC292E24D500CA4CA7 /* FooterView.swift */,
				80F22E81292E53D3004BB3F5 /* GuideView.swift */,
				8024FE44293640B8005AA158 /* InfoView.swift */,
			);
			path = View;
			sourceTree = "<group>";
		};
/* End PBXGroup section */

/* Begin PBXNativeTarget section */
		806DD37528339AC0000E71E3 /* HoneymoonSwiftUI */ = {
			isa = PBXNativeTarget;
			buildConfigurationList = 806DD38428339AC7000E71E3 /* Build configuration list for PBXNativeTarget "HoneymoonSwiftUI" */;
			buildPhases = (
				806DD37228339AC0000E71E3 /* Sources */,
				806DD37328339AC0000E71E3 /* Frameworks */,
				806DD37428339AC0000E71E3 /* Resources */,
			);
			buildRules = (
			);
			dependencies = (
			);
			name = HoneymoonSwiftUI;
			productName = HoneymoonSwiftUI;
			productReference = 806DD37628339AC0000E71E3 /* HoneymoonSwiftUI.app */;
			productType = "com.apple.product-type.application";
		};
/* End PBXNativeTarget section */

/* Begin PBXProject section */
		806DD36E28339AC0000E71E3 /* Project object */ = {
			isa = PBXProject;
			attributes = {
				BuildIndependentTargetsInParallel = 1;
				LastSwiftUpdateCheck = 1330;
				LastUpgradeCheck = 1330;
				TargetAttributes = {
					806DD37528339AC0000E71E3 = {
						CreatedOnToolsVersion = 13.3.1;
					};
				};
			};
			buildConfigurationList = 806DD37128339AC0000E71E3 /* Build configuration list for PBXProject "HoneymoonSwiftUI" */;
			compatibilityVersion = "Xcode 13.0";
			developmentRegion = en;
			hasScannedForEncodings = 0;
			knownRegions = (
				en,
				Base,
			);
			mainGroup = 806DD36D28339AC0000E71E3;
			productRefGroup = 806DD37728339AC0000E71E3 /* Products */;
			projectDirPath = "";
			projectRoot = "";
			targets = (
				806DD37528339AC0000E71E3 /* HoneymoonSwiftUI */,
			);
		};
/* End PBXProject section */

/* Begin PBXResourcesBuildPhase section */
		806DD37428339AC0000E71E3 /* Resources */ = {
			isa = PBXResourcesBuildPhase;
			buildActionMask = 2147483647;
			files = (
				806DD38828339FC5000E71E3 /* Sounds in Resources */,
				806DD38128339AC7000E71E3 /* Preview Assets.xcassets in Resources */,
				806DD38A2833A909000E71E3 /* Launch Screen.storyboard in Resources */,
				806DD37E28339AC7000E71E3 /* Assets.xcassets in Resources */,
			);
			runOnlyForDeploymentPostprocessing = 0;
		};
/* End PBXResourcesBuildPhase section */

/* Begin PBXSourcesBuildPhase section */
		806DD37228339AC0000E71E3 /* Sources */ = {
			isa = PBXSourcesBuildPhase;
			buildActionMask = 2147483647;
			files = (
				806F2BDE292E02BB00AB5733 /* HoneymoonData.swift in Sources */,
				8024FE45293640B8005AA158 /* InfoView.swift in Sources */,
				80E452CD292E24D500CA4CA7 /* FooterView.swift in Sources */,
				806FA2C42966E624000709E1 /* TitleModifier.swift in Sources */,
				80E452CB292E216E00CA4CA7 /* HeaderView.swift in Sources */,
				806F2BDB292E024500AB5733 /* HoneymoonModel.swift in Sources */,
				806FA2C72966E9E2000709E1 /* ButtonModifier.swift in Sources */,
				80D44BD6292E31B200B11D47 /* HeaderComponent.swift in Sources */,
				806DD37C28339AC0000E71E3 /* ContentView.swift in Sources */,
				806DD37A28339AC0000E71E3 /* HoneymoonSwiftUIApp.swift in Sources */,
				80E452C9292E121000CA4CA7 /* CardView.swift in Sources */,
				80D44BD8292E327A00B11D47 /* GuideComponent.swift in Sources */,
				80F22E82292E53D3004BB3F5 /* GuideView.swift in Sources */,
			);
			runOnlyForDeploymentPostprocessing = 0;
		};
/* End PBXSourcesBuildPhase section */

/* Begin XCBuildConfiguration section */
		806DD38228339AC7000E71E3 /* Debug */ = {
			isa = XCBuildConfiguration;
			buildSettings = {
				ALWAYS_SEARCH_USER_PATHS = NO;
				CLANG_ANALYZER_NONNULL = YES;
				CLANG_ANALYZER_NUMBER_OBJECT_CONVERSION = YES_AGGRESSIVE;
				CLANG_CXX_LANGUAGE_STANDARD = "gnu++17";
				CLANG_ENABLE_MODULES = YES;
				CLANG_ENABLE_OBJC_ARC = YES;
				CLANG_ENABLE_OBJC_WEAK = YES;
				CLANG_WARN_BLOCK_CAPTURE_AUTORELEASING = YES;
				CLANG_WARN_BOOL_CONVERSION = YES;
				CLANG_WARN_COMMA = YES;
				CLANG_WARN_CONSTANT_CONVERSION = YES;
				CLANG_WARN_DEPRECATED_OBJC_IMPLEMENTATIONS = YES;
				CLANG_WARN_DIRECT_OBJC_ISA_USAGE = YES_ERROR;
				CLANG_WARN_DOCUMENTATION_COMMENTS = YES;
				CLANG_WARN_EMPTY_BODY = YES;
				CLANG_WARN_ENUM_CONVERSION = YES;
				CLANG_WARN_INFINITE_RECURSION = YES;
				CLANG_WARN_INT_CONVERSION = YES;
				CLANG_WARN_NON_LITERAL_NULL_CONVERSION = YES;
				CLANG_WARN_OBJC_IMPLICIT_RETAIN_SELF = YES;
				CLANG_WARN_OBJC_LITERAL_CONVERSION = YES;
				CLANG_WARN_OBJC_ROOT_CLASS = YES_ERROR;
				CLANG_WARN_QUOTED_INCLUDE_IN_FRAMEWORK_HEADER = YES;
				CLANG_WARN_RANGE_LOOP_ANALYSIS = YES;
				CLANG_WARN_STRICT_PROTOTYPES = YES;
				CLANG_WARN_SUSPICIOUS_MOVE = YES;
				CLANG_WARN_UNGUARDED_AVAILABILITY = YES_AGGRESSIVE;
				CLANG_WARN_UNREACHABLE_CODE = YES;
				CLANG_WARN__DUPLICATE_METHOD_MATCH = YES;
				COPY_PHASE_STRIP = NO;
				DEBUG_INFORMATION_FORMAT = dwarf;
				ENABLE_STRICT_OBJC_MSGSEND = YES;
				ENABLE_TESTABILITY = YES;
				GCC_C_LANGUAGE_STANDARD = gnu11;
				GCC_DYNAMIC_NO_PIC = NO;
				GCC_NO_COMMON_BLOCKS = YES;
				GCC_OPTIMIZATION_LEVEL = 0;
				GCC_PREPROCESSOR_DEFINITIONS = (
					"DEBUG=1",
					"$(inherited)",
				);
				GCC_WARN_64_TO_32_BIT_CONVERSION = YES;
				GCC_WARN_ABOUT_RETURN_TYPE = YES_ERROR;
				GCC_WARN_UNDECLARED_SELECTOR = YES;
				GCC_WARN_UNINITIALIZED_AUTOS = YES_AGGRESSIVE;
				GCC_WARN_UNUSED_FUNCTION = YES;
				GCC_WARN_UNUSED_VARIABLE = YES;
				IPHONEOS_DEPLOYMENT_TARGET = 15.4;
				MTL_ENABLE_DEBUG_INFO = INCLUDE_SOURCE;
				MTL_FAST_MATH = YES;
				ONLY_ACTIVE_ARCH = YES;
				SDKROOT = iphoneos;
				SWIFT_ACTIVE_COMPILATION_CONDITIONS = DEBUG;
				SWIFT_OPTIMIZATION_LEVEL = "-Onone";
			};
			name = Debug;
		};
		806DD38328339AC7000E71E3 /* Release */ = {
			isa = XCBuildConfiguration;
			buildSettings = {
				ALWAYS_SEARCH_USER_PATHS = NO;
				CLANG_ANALYZER_NONNULL = YES;
				CLANG_ANALYZER_NUMBER_OBJECT_CONVERSION = YES_AGGRESSIVE;
				CLANG_CXX_LANGUAGE_STANDARD = "gnu++17";
				CLANG_ENABLE_MODULES = YES;
				CLANG_ENABLE_OBJC_ARC = YES;
				CLANG_ENABLE_OBJC_WEAK = YES;
				CLANG_WARN_BLOCK_CAPTURE_AUTORELEASING = YES;
				CLANG_WARN_BOOL_CONVERSION = YES;
				CLANG_WARN_COMMA = YES;
				CLANG_WARN_CONSTANT_CONVERSION = YES;
				CLANG_WARN_DEPRECATED_OBJC_IMPLEMENTATIONS = YES;
				CLANG_WARN_DIRECT_OBJC_ISA_USAGE = YES_ERROR;
				CLANG_WARN_DOCUMENTATION_COMMENTS = YES;
				CLANG_WARN_EMPTY_BODY = YES;
				CLANG_WARN_ENUM_CONVERSION = YES;
				CLANG_WARN_INFINITE_RECURSION = YES;
				CLANG_WARN_INT_CONVERSION = YES;
				CLANG_WARN_NON_LITERAL_NULL_CONVERSION = YES;
				CLANG_WARN_OBJC_IMPLICIT_RETAIN_SELF = YES;
				CLANG_WARN_OBJC_LITERAL_CONVERSION = YES;
				CLANG_WARN_OBJC_ROOT_CLASS = YES_ERROR;
				CLANG_WARN_QUOTED_INCLUDE_IN_FRAMEWORK_HEADER = YES;
				CLANG_WARN_RANGE_LOOP_ANALYSIS = YES;
				CLANG_WARN_STRICT_PROTOTYPES = YES;
				CLANG_WARN_SUSPICIOUS_MOVE = YES;
				CLANG_WARN_UNGUARDED_AVAILABILITY = YES_AGGRESSIVE;
				CLANG_WARN_UNREACHABLE_CODE = YES;
				CLANG_WARN__DUPLICATE_METHOD_MATCH = YES;
				COPY_PHASE_STRIP = NO;
				DEBUG_INFORMATION_FORMAT = "dwarf-with-dsym";
				ENABLE_NS_ASSERTIONS = NO;
				ENABLE_STRICT_OBJC_MSGSEND = YES;
				GCC_C_LANGUAGE_STANDARD = gnu11;
				GCC_NO_COMMON_BLOCKS = YES;
				GCC_WARN_64_TO_32_BIT_CONVERSION = YES;
				GCC_WARN_ABOUT_RETURN_TYPE = YES_ERROR;
				GCC_WARN_UNDECLARED_SELECTOR = YES;
				GCC_WARN_UNINITIALIZED_AUTOS = YES_AGGRESSIVE;
				GCC_WARN_UNUSED_FUNCTION = YES;
				GCC_WARN_UNUSED_VARIABLE = YES;
				IPHONEOS_DEPLOYMENT_TARGET = 15.4;
				MTL_ENABLE_DEBUG_INFO = NO;
				MTL_FAST_MATH = YES;
				SDKROOT = iphoneos;
				SWIFT_COMPILATION_MODE = wholemodule;
				SWIFT_OPTIMIZATION_LEVEL = "-O";
				VALIDATE_PRODUCT = YES;
			};
			name = Release;
		};
		806DD38528339AC7000E71E3 /* Debug */ = {
			isa = XCBuildConfiguration;
			buildSettings = {
				ASSETCATALOG_COMPILER_APPICON_NAME = AppIcon;
				ASSETCATALOG_COMPILER_GLOBAL_ACCENT_COLOR_NAME = AccentColor;
				CODE_SIGN_STYLE = Automatic;
				CURRENT_PROJECT_VERSION = 1;
				DEVELOPMENT_ASSET_PATHS = "\"HoneymoonSwiftUI/Preview Content\"";
				DEVELOPMENT_TEAM = H9XS4L957H;
				ENABLE_PREVIEWS = YES;
				GENERATE_INFOPLIST_FILE = YES;
				INFOPLIST_FILE = HoneymoonSwiftUI/Info.plist;
				INFOPLIST_KEY_UIApplicationSupportsIndirectInputEvents = YES;
				INFOPLIST_KEY_UILaunchScreen_Generation = YES;
				INFOPLIST_KEY_UILaunchStoryboardName = "Launch Screen";
				INFOPLIST_KEY_UISupportedInterfaceOrientations = UIInterfaceOrientationPortrait;
				INFOPLIST_KEY_UISupportedInterfaceOrientations_iPad = "UIInterfaceOrientationPortrait UIInterfaceOrientationPortraitUpsideDown UIInterfaceOrientationLandscapeLeft UIInterfaceOrientationLandscapeRight";
				INFOPLIST_KEY_UISupportedInterfaceOrientations_iPhone = "UIInterfaceOrientationPortrait UIInterfaceOrientationLandscapeLeft UIInterfaceOrientationLandscapeRight";
				LD_RUNPATH_SEARCH_PATHS = (
					"$(inherited)",
					"@executable_path/Frameworks",
				);
				MARKETING_VERSION = 1.0;
				PRODUCT_BUNDLE_IDENTIFIER = com.helderbergswiftdevclub.com.HoneymoonSwiftUI;
				PRODUCT_NAME = "$(TARGET_NAME)";
				SWIFT_EMIT_LOC_STRINGS = YES;
				SWIFT_VERSION = 5.0;
				TARGETED_DEVICE_FAMILY = "1,2";
			};
			name = Debug;
		};
		806DD38628339AC7000E71E3 /* Release */ = {
			isa = XCBuildConfiguration;
			buildSettings = {
				ASSETCATALOG_COMPILER_APPICON_NAME = AppIcon;
				ASSETCATALOG_COMPILER_GLOBAL_ACCENT_COLOR_NAME = AccentColor;
				CODE_SIGN_STYLE = Automatic;
				CURRENT_PROJECT_VERSION = 1;
				DEVELOPMENT_ASSET_PATHS = "\"HoneymoonSwiftUI/Preview Content\"";
				DEVELOPMENT_TEAM = H9XS4L957H;
				ENABLE_PREVIEWS = YES;
				GENERATE_INFOPLIST_FILE = YES;
				INFOPLIST_FILE = HoneymoonSwiftUI/Info.plist;
				INFOPLIST_KEY_UIApplicationSupportsIndirectInputEvents = YES;
				INFOPLIST_KEY_UILaunchScreen_Generation = YES;
				INFOPLIST_KEY_UILaunchStoryboardName = "Launch Screen";
				INFOPLIST_KEY_UISupportedInterfaceOrientations = UIInterfaceOrientationPortrait;
				INFOPLIST_KEY_UISupportedInterfaceOrientations_iPad = "UIInterfaceOrientationPortrait UIInterfaceOrientationPortraitUpsideDown UIInterfaceOrientationLandscapeLeft UIInterfaceOrientationLandscapeRight";
				INFOPLIST_KEY_UISupportedInterfaceOrientations_iPhone = "UIInterfaceOrientationPortrait UIInterfaceOrientationLandscapeLeft UIInterfaceOrientationLandscapeRight";
				LD_RUNPATH_SEARCH_PATHS = (
					"$(inherited)",
					"@executable_path/Frameworks",
				);
				MARKETING_VERSION = 1.0;
				PRODUCT_BUNDLE_IDENTIFIER = com.helderbergswiftdevclub.com.HoneymoonSwiftUI;
				PRODUCT_NAME = "$(TARGET_NAME)";
				SWIFT_EMIT_LOC_STRINGS = YES;
				SWIFT_VERSION = 5.0;
				TARGETED_DEVICE_FAMILY = "1,2";
			};
			name = Release;
		};
/* End XCBuildConfiguration section */

/* Begin XCConfigurationList section */
		806DD37128339AC0000E71E3 /* Build configuration list for PBXProject "HoneymoonSwiftUI" */ = {
			isa = XCConfigurationList;
			buildConfigurations = (
				806DD38228339AC7000E71E3 /* Debug */,
				806DD38328339AC7000E71E3 /* Release */,
			);
			defaultConfigurationIsVisible = 0;
			defaultConfigurationName = Release;
		};
		806DD38428339AC7000E71E3 /* Build configuration list for PBXNativeTarget "HoneymoonSwiftUI" */ = {
			isa = XCConfigurationList;
			buildConfigurations = (
				806DD38528339AC7000E71E3 /* Debug */,
				806DD38628339AC7000E71E3 /* Release */,
			);
			defaultConfigurationIsVisible = 0;
			defaultConfigurationName = Release;
		};
/* End XCConfigurationList section */
	};
	rootObject = 806DD36E28339AC0000E71E3 /* Project object */;
}
